
Microsoft Visual Studio Solution File, Format Version 12.00
# Visual Studio Version 16
VisualStudioVersion = 16.0.32929.386
MinimumVisualStudioVersion = 10.0.40219.1
Project("{9A19103F-16F7-4668-BE54-9A1E7A4F7556}") = "Unit15.1.4", "Unit15.1.4\Unit15.1.4.csproj", "{CE945A51-4184-4D2B-945B-6A2ABA48F955}"
EndProject
Project("{9A19103F-16F7-4668-BE54-9A1E7A4F7556}") = "Unit15.1.5", "Unit15.1.5\Unit15.1.5.csproj", "{F1B5FAC6-A4A3-4F50-8E51-BF98C5632C5D}"
EndProject
Project("{9A19103F-16F7-4668-BE54-9A1E7A4F7556}") = "Unit15.1.6", "Unit15.1.6\Unit15.1.6.csproj", "{BC57C25A-E7DF-4DF6-9ABD-4628B4B5D430}"
EndProject
Project("{9A19103F-16F7-4668-BE54-9A1E7A4F7556}") = "Unit15.2.1", "Unit15.2.1\Unit15.2.1.csproj", "{16FFCB4D-FCEC-476E-9CD9-C9FD6D5B4E8A}"
EndProject
Project("{9A19103F-16F7-4668-BE54-9A1E7A4F7556}") = "Unit15.2.2", "Unit15.2.2\Unit15.2.2.csproj", "{F9413DA7-FB36-4296-A67B-0E7AE55798E1}"
EndProject
Project("{FAE04EC0-301F-11D3-BF4B-00C04F79EFBC}") = "Unit15.2.3", "Unit15.2.3\Unit15.2.3.csproj", "{4A66E6B9-E61D-46AA-B526-9ED5E4730F7A}"
EndProject
Project("{FAE04EC0-301F-11D3-BF4B-00C04F79EFBC}") = "Unit15.2.8", "Unit15.2.8\Unit15.2.8.csproj", "{D5BD18A1-7EA2-401B-B892-76E47655948B}"
EndProject
Global
	GlobalSection(SolutionConfigurationPlatforms) = preSolution
		Debug|Any CPU = Debug|Any CPU
		Release|Any CPU = Release|Any CPU
	EndGlobalSection
	GlobalSection(ProjectConfigurationPlatforms) = postSolution
		{CE945A51-4184-4D2B-945B-6A2ABA48F955}.Debug|Any CPU.ActiveCfg = Debug|Any CPU
		{CE945A51-4184-4D2B-945B-6A2ABA48F955}.Debug|Any CPU.Build.0 = Debug|Any CPU
		{CE945A51-4184-4D2B-945B-6A2ABA48F955}.Release|Any CPU.ActiveCfg = Release|Any CPU
		{CE945A51-4184-4D2B-945B-6A2ABA48F955}.Release|Any CPU.Build.0 = Release|Any CPU
		{F1B5FAC6-A4A3-4F50-8E51-BF98C5632C5D}.Debug|Any CPU.ActiveCfg = Debug|Any CPU
		{F1B5FAC6-A4A3-4F50-8E51-BF98C5632C5D}.Debug|Any CPU.Build.0 = Debug|Any CPU
		{F1B5FAC6-A4A3-4F50-8E51-BF98C5632C5D}.Release|Any CPU.ActiveCfg = Release|Any CPU
		{F1B5FAC6-A4A3-4F50-8E51-BF98C5632C5D}.Release|Any CPU.Build.0 = Release|Any CPU
		{BC57C25A-E7DF-4DF6-9ABD-4628B4B5D430}.Debug|Any CPU.ActiveCfg = Debug|Any CPU
		{BC57C25A-E7DF-4DF6-9ABD-4628B4B5D430}.Debug|Any CPU.Build.0 = Debug|Any CPU
		{BC57C25A-E7DF-4DF6-9ABD-4628B4B5D430}.Release|Any CPU.ActiveCfg = Release|Any CPU
		{BC57C25A-E7DF-4DF6-9ABD-4628B4B5D430}.Release|Any CPU.Build.0 = Release|Any CPU
		{16FFCB4D-FCEC-476E-9CD9-C9FD6D5B4E8A}.Debug|Any CPU.ActiveCfg = Debug|Any CPU
		{16FFCB4D-FCEC-476E-9CD9-C9FD6D5B4E8A}.Debug|Any CPU.Build.0 = Debug|Any CPU
		{16FFCB4D-FCEC-476E-9CD9-C9FD6D5B4E8A}.Release|Any CPU.ActiveCfg = Release|Any CPU
		{16FFCB4D-FCEC-476E-9CD9-C9FD6D5B4E8A}.Release|Any CPU.Build.0 = Release|Any CPU
		{F9413DA7-FB36-4296-A67B-0E7AE55798E1}.Debug|Any CPU.ActiveCfg = Debug|Any CPU
		{F9413DA7-FB36-4296-A67B-0E7AE55798E1}.Debug|Any CPU.Build.0 = Debug|Any CPU
		{F9413DA7-FB36-4296-A67B-0E7AE55798E1}.Release|Any CPU.ActiveCfg = Release|Any CPU
		{F9413DA7-FB36-4296-A67B-0E7AE55798E1}.Release|Any CPU.Build.0 = Release|Any CPU
		{4A66E6B9-E61D-46AA-B526-9ED5E4730F7A}.Debug|Any CPU.ActiveCfg = Debug|Any CPU
		{4A66E6B9-E61D-46AA-B526-9ED5E4730F7A}.Debug|Any CPU.Build.0 = Debug|Any CPU
		{4A66E6B9-E61D-46AA-B526-9ED5E4730F7A}.Release|Any CPU.ActiveCfg = Release|Any CPU
		{4A66E6B9-E61D-46AA-B526-9ED5E4730F7A}.Release|Any CPU.Build.0 = Release|Any CPU
		{D5BD18A1-7EA2-401B-B892-76E47655948B}.Debug|Any CPU.ActiveCfg = Debug|Any CPU
		{D5BD18A1-7EA2-401B-B892-76E47655948B}.Debug|Any CPU.Build.0 = Debug|Any CPU
		{D5BD18A1-7EA2-401B-B892-76E47655948B}.Release|Any CPU.ActiveCfg = Release|Any CPU
		{D5BD18A1-7EA2-401B-B892-76E47655948B}.Release|Any CPU.Build.0 = Release|Any CPU
	EndGlobalSection
	GlobalSection(SolutionProperties) = preSolution
		HideSolutionNode = FALSE
	EndGlobalSection
	GlobalSection(ExtensibilityGlobals) = postSolution
		SolutionGuid = {39B04906-F81C-476C-8029-DB8D81824C50}
	EndGlobalSection
EndGlobal
